
Microsoft Visual Studio Solution File, Format Version 12.00
# Visual Studio 2015
Project("{FAE04EC0-301F-11D3-BF4B-00C04F79EFBC}") = "2dSandbox-022017", "2dSandbox-022017.csproj", "{60B64C22-AF3F-EA63-2328-83CE54BF3CD3}"
EndProject
Project("{FAE04EC0-301F-11D3-BF4B-00C04F79EFBC}") = "2dSandbox-022017.Editor", "2dSandbox-022017.Editor.csproj", "{5899CBD5-10A5-F5A3-1083-567428712A61}"
EndProject
Global
	GlobalSection(SolutionConfigurationPlatforms) = preSolution
		Debug|Any CPU = Debug|Any CPU
		Release|Any CPU = Release|Any CPU
	EndGlobalSection
	GlobalSection(ProjectConfigurationPlatforms) = postSolution
		{60B64C22-AF3F-EA63-2328-83CE54BF3CD3}.Debug|Any CPU.ActiveCfg = Debug|Any CPU
		{60B64C22-AF3F-EA63-2328-83CE54BF3CD3}.Debug|Any CPU.Build.0 = Debug|Any CPU
		{60B64C22-AF3F-EA63-2328-83CE54BF3CD3}.Release|Any CPU.ActiveCfg = Release|Any CPU
		{60B64C22-AF3F-EA63-2328-83CE54BF3CD3}.Release|Any CPU.Build.0 = Release|Any CPU
		{5899CBD5-10A5-F5A3-1083-567428712A61}.Debug|Any CPU.ActiveCfg = Debug|Any CPU
		{5899CBD5-10A5-F5A3-1083-567428712A61}.Debug|Any CPU.Build.0 = Debug|Any CPU
		{5899CBD5-10A5-F5A3-1083-567428712A61}.Release|Any CPU.ActiveCfg = Release|Any CPU
		{5899CBD5-10A5-F5A3-1083-567428712A61}.Release|Any CPU.Build.0 = Release|Any CPU
	EndGlobalSection
	GlobalSection(SolutionProperties) = preSolution
		HideSolutionNode = FALSE
	EndGlobalSection
EndGlobal
