
Microsoft Visual Studio Solution File, Format Version 12.00
# Visual Studio 2015
Project("{FAE04EC0-301F-11D3-BF4B-00C04F79EFBC}") = "GodsAndHeroes", "GodsAndHeroes.csproj", "{F55C23B5-285F-F5F8-0D57-5F14B724352F}"
EndProject
Project("{FAE04EC0-301F-11D3-BF4B-00C04F79EFBC}") = "GodsAndHeroes.Editor", "GodsAndHeroes.Editor.csproj", "{2C67B727-7666-F69F-A065-41D93B32B8E3}"
EndProject
Global
	GlobalSection(SolutionConfigurationPlatforms) = preSolution
		Debug|Any CPU = Debug|Any CPU
		Release|Any CPU = Release|Any CPU
	EndGlobalSection
	GlobalSection(ProjectConfigurationPlatforms) = postSolution
		{F55C23B5-285F-F5F8-0D57-5F14B724352F}.Debug|Any CPU.ActiveCfg = Debug|Any CPU
		{F55C23B5-285F-F5F8-0D57-5F14B724352F}.Debug|Any CPU.Build.0 = Debug|Any CPU
		{F55C23B5-285F-F5F8-0D57-5F14B724352F}.Release|Any CPU.ActiveCfg = Release|Any CPU
		{F55C23B5-285F-F5F8-0D57-5F14B724352F}.Release|Any CPU.Build.0 = Release|Any CPU
		{2C67B727-7666-F69F-A065-41D93B32B8E3}.Debug|Any CPU.ActiveCfg = Debug|Any CPU
		{2C67B727-7666-F69F-A065-41D93B32B8E3}.Debug|Any CPU.Build.0 = Debug|Any CPU
		{2C67B727-7666-F69F-A065-41D93B32B8E3}.Release|Any CPU.ActiveCfg = Release|Any CPU
		{2C67B727-7666-F69F-A065-41D93B32B8E3}.Release|Any CPU.Build.0 = Release|Any CPU
	EndGlobalSection
	GlobalSection(SolutionProperties) = preSolution
		HideSolutionNode = FALSE
	EndGlobalSection
EndGlobal
